# THIS IS AN AUTOGENERATED FILE. DO NOT EDIT THIS FILE DIRECTLY.
# yarn lockfile v1


"@thi.ng/api@^7.1.5":
  version "7.1.5"
  resolved "https://registry.yarnpkg.com/@thi.ng/api/-/api-7.1.5.tgz#b5d2308d1862eafb1c0e80be418dd3620e1dbf45"
  integrity sha512-3yraPCMzWldS20wMwcjmszEHSzzEe1st1iTvdv4mmP7kbxmNvOwcggA7ov71njU9kFnfg/t7ASZ+C2n+yyA8sA==

"@thi.ng/arrays@^0.10.12":
  version "0.10.12"
  resolved "https://registry.yarnpkg.com/@thi.ng/arrays/-/arrays-0.10.12.tgz#5e7c5c99d295b184f29b9f1ff4625c6e4d300637"
  integrity sha512-e0TvhkvSogmBqBUHCzs5KAsSHyr631dsIM3D12jHDsfljUMvwwfl7ZUlfiYv/5qlC87EgaZJR+kUPTvv18UeyA==
  dependencies:
    "@thi.ng/api" "^7.1.5"
    "@thi.ng/checks" "^2.9.7"
    "@thi.ng/compare" "^1.3.29"
    "@thi.ng/equiv" "^1.0.42"
    "@thi.ng/errors" "^1.3.1"
    "@thi.ng/random" "^2.4.1"

"@thi.ng/associative@^5.0.13":
  version "5.2.5"
  resolved "https://registry.yarnpkg.com/@thi.ng/associative/-/associative-5.2.5.tgz#c3fbb763f0ba8b946d67776cc1e871ee0cc0a83f"
  integrity sha512-nq3WP+1zA4/BAmk9Sghw+aKgLRENScsvRCHWzY5H0bUWmzniNXlVUWmtMHFeADzm6HJVVDe1B2d9lHfsmTPB1A==
  dependencies:
    "@thi.ng/api" "^7.1.5"
    "@thi.ng/binary" "^2.2.5"
    "@thi.ng/checks" "^2.9.7"
    "@thi.ng/compare" "^1.3.29"
    "@thi.ng/dcons" "^2.3.24"
    "@thi.ng/equiv" "^1.0.42"
    "@thi.ng/errors" "^1.3.1"
    "@thi.ng/transducers" "^7.7.3"
    tslib "^2.1.0"

"@thi.ng/binary@^2.2.5":
  version "2.2.5"
  resolved "https://registry.yarnpkg.com/@thi.ng/binary/-/binary-2.2.5.tgz#1d8e7f192330246aee011fa8e698deee34c51781"
  integrity sha512-BroWrLNrwuZXnr9Ss+eOVlrId4fbHlBczwm1CBfQqYJNSiFCewz2Fijqz+eDqyz/wSKRzW8TGX14nfO2Ty7w5Q==
  dependencies:
    "@thi.ng/api" "^7.1.5"

"@thi.ng/checks@^2.9.7":
  version "2.9.7"
  resolved "https://registry.yarnpkg.com/@thi.ng/checks/-/checks-2.9.7.tgz#60a32af36aa31f7a5a453ea090c22610bab3733d"
  integrity sha512-0MC5TJZIN+bfV4ZtvAdy7iQwcxO5OKj8LWEPrbfCIACoaX9XXq+xyaWqw84UlSf2QvaYaLRFiLXDtd53AqxHAA==
  dependencies:
    tslib "^2.1.0"

"@thi.ng/compare@^1.3.29":
  version "1.3.29"
  resolved "https://registry.yarnpkg.com/@thi.ng/compare/-/compare-1.3.29.tgz#91fa7d12e155972c63cef8d2633295e4914962b4"
  integrity sha512-B2cjDcEHFqiY2WWbJyC3P/6wcEg0hNGDAmXWBVRj/I216u5qwq2NIRT7LJEqwBbZrtjr8jMJWNdX0APCIFPFEA==
  dependencies:
    "@thi.ng/api" "^7.1.5"

"@thi.ng/compose@^1.4.31":
  version "1.4.31"
  resolved "https://registry.yarnpkg.com/@thi.ng/compose/-/compose-1.4.31.tgz#828f5f4d81ad35664be61856c6534f9a35d277dd"
  integrity sha512-WR7t/JRxJNgga3GUHamavVVfe61M3cYrJLi0V1xRszeypmLEiMB3Pz6G7NuNJ8qYv81GWryErk0e7TrINoVoAg==
  dependencies:
    "@thi.ng/api" "^7.1.5"
    "@thi.ng/errors" "^1.3.1"

"@thi.ng/dcons@^2.3.24":
  version "2.3.24"
  resolved "https://registry.yarnpkg.com/@thi.ng/dcons/-/dcons-2.3.24.tgz#21e03e5731a4d2472db6b855733c137dbf0abcc9"
  integrity sha512-5z40IqU3RLEZJzOki6t5wgOL13Ytvb65731/bF0rq175z01c71G5LTwbcOM4rqPG89/CDTbq9FZZTBA/ArvMuw==
  dependencies:
    "@thi.ng/api" "^7.1.5"
    "@thi.ng/checks" "^2.9.7"
    "@thi.ng/compare" "^1.3.29"
    "@thi.ng/equiv" "^1.0.42"
    "@thi.ng/errors" "^1.3.1"
    "@thi.ng/random" "^2.4.1"
    "@thi.ng/transducers" "^7.7.3"

"@thi.ng/equiv@^1.0.42":
  version "1.0.42"
  resolved "https://registry.yarnpkg.com/@thi.ng/equiv/-/equiv-1.0.42.tgz#f2f7250003f39877668c3bea36b0e7ea85ecc9ed"
  integrity sha512-otCL62hLcP/xkAi9ZDoNLvboIRcyPBKBB5UKE+r6BBoRih1dRJKv4CSfNmltEZ86O6Uz7oiFdCS0toMLyykUNA==

"@thi.ng/errors@^1.3.1":
  version "1.3.1"
  resolved "https://registry.yarnpkg.com/@thi.ng/errors/-/errors-1.3.1.tgz#f23773508d17766811fc739dcdb173d3a2093ca9"
  integrity sha512-Yuh20gmn3T1otq4gq9kP1yiQMnYq4wLdZ5VJzXDH6F9oSrzatV/NUVr46wsNtOMUWrrKK+8wQdo0HmDWPi2UVA==

"@thi.ng/hex@^0.2.6":
  version "0.2.6"
  resolved "https://registry.yarnpkg.com/@thi.ng/hex/-/hex-0.2.6.tgz#be61d394523c27a39ce00693a8dcb0ca8d3b876e"
  integrity sha512-BzayvufGqQ62DZ1rywSWupzXHrYMODZCcxve0+E/ntRrDL+tearlxVWtV0bpW6U3NQWy1Lu3LMuPSZmc/7AjQg==

"@thi.ng/math@^4.0.1":
  version "4.0.1"
  resolved "https://registry.yarnpkg.com/@thi.ng/math/-/math-4.0.1.tgz#bcad6286f08f54363f8e9987d1d4d17fe58f4352"
  integrity sha512-IxibqOeVDgQfO0LtfAQ7gMOK5XD9z4x/3nA49m7aZDrQ5IVUCiqnfe1dqgngwo/eILl+RzliUV6lvQirwCkvNA==
  dependencies:
    "@thi.ng/api" "^7.1.5"

"@thi.ng/random@^2.4.1":
  version "2.4.1"
  resolved "https://registry.yarnpkg.com/@thi.ng/random/-/random-2.4.1.tgz#89e11d8b168e48c2f25f5aa78760bb2818120ec6"
  integrity sha512-yipXwW+MS6Nd/G4Ag8KiKpoQl2+kCfrnZu7j59qrsME9xKQ1kl16woiBjKppNIS9huP5vWkjdWdghXC9OQtkFw==
  dependencies:
    "@thi.ng/api" "^7.1.5"
    "@thi.ng/checks" "^2.9.7"
    "@thi.ng/hex" "^0.2.6"

"@thi.ng/transducers@^7.7.3":
  version "7.7.3"
  resolved "https://registry.yarnpkg.com/@thi.ng/transducers/-/transducers-7.7.3.tgz#271ed5f0745ef272155b00f2b8593d43a2bb473a"
  integrity sha512-tW6N/kBQNQRrkr6JdEJqwlj21gAIDG8Ekm6Xr/OJpi+KhkLzTAXb+Jl2Uz4jLsxv6yziiOS9HS7BYf6afGCmDA==
  dependencies:
    "@thi.ng/api" "^7.1.5"
    "@thi.ng/arrays" "^0.10.12"
    "@thi.ng/checks" "^2.9.7"
    "@thi.ng/compare" "^1.3.29"
    "@thi.ng/compose" "^1.4.31"
    "@thi.ng/errors" "^1.3.1"
    "@thi.ng/math" "^4.0.1"
    "@thi.ng/random" "^2.4.1"

"@types/argparse@2.0.5":
  version "2.0.5"
  resolved "https://registry.yarnpkg.com/@types/argparse/-/argparse-2.0.5.tgz#5192f160931442a32c1c23e9480fff3f8d7cd0e4"
  integrity sha512-m0CQ4TzFW+JdAN875vqqNO7H92jnN9hrH0bxEjJStePjfSfBDNgIlH+ieZQvBH9CuSPguFpjEzXcJHqV+fJqOQ==

"@types/benchmark@2.1.0":
  version "2.1.0"
  resolved "https://registry.yarnpkg.com/@types/benchmark/-/benchmark-2.1.0.tgz#157e2ef22311d3140fb33e82a938a1beb26e78e0"
  integrity sha512-wxT2/LZn4z0NvSfZirxmBx686CU7EXp299KHkIk79acXpQtgeYHrslFzDacPGXifC0Pe3CEaLup07bgY1PnuQw==

"@types/collections@^5.1.0":
  version "5.1.2"
  resolved "https://registry.yarnpkg.com/@types/collections/-/collections-5.1.2.tgz#a9be0796b94bb2fe737d5b2070d49f78a9633b20"
  integrity sha512-d//S1BKZl/ikhsMXk0TECEUZOu+AIbVtMnYBpUAeZUvyfktX7bhc6DokZ8YFy56XGqXvKQmGLT0aYou/Jnhalw==

"@types/node@14.14.20":
  version "14.14.20"
  resolved "https://registry.yarnpkg.com/@types/node/-/node-14.14.20.tgz#f7974863edd21d1f8a494a73e8e2b3658615c340"
  integrity sha512-Y93R97Ouif9JEOWPIUyU+eyIdyRqQR0I8Ez1dzku4hDx34NWh4HbtIc3WNzwB1Y9ULvNGeu5B8h8bVL5cAk4/A==

argparse@2.0.1:
  version "2.0.1"
  resolved "https://registry.yarnpkg.com/argparse/-/argparse-2.0.1.tgz#246f50f3ca78a3240f6c997e8a9bd1eac49e4b38"
  integrity sha512-8+9WqebbFzpX9OR+Wa6O29asIogeRMzcGtAINdpMHHyAg10f05aSFVBbcEqGf/PXw1EjAZ+q2/bEBg3DvurK3Q==

avl@^1.4.4:
  version "1.5.1"
  resolved "https://registry.yarnpkg.com/avl/-/avl-1.5.1.tgz#1e5393798a809cda4771da28b0965e4dcc470273"
  integrity sha512-sQmo6BXzOg6zqktafN5lwdpJWOeItgAtfVuW4Ur1WsphPaOhMevhv0MxtYZJ2RSAdfJqdOJmyEisLdwzTYYA0Q==

benchmark@2.1.4:
  version "2.1.4"
  resolved "https://registry.yarnpkg.com/benchmark/-/benchmark-2.1.4.tgz#09f3de31c916425d498cc2ee565a0ebf3c2a5629"
  integrity sha1-CfPeMckWQl1JjMLuVloOvzwqVik=
  dependencies:
    lodash "^4.17.4"
    platform "^1.3.3"

bplustree@^2.0.1:
  version "2.0.1"
  resolved "https://registry.yarnpkg.com/bplustree/-/bplustree-2.0.1.tgz#bd148c780ea7a31105eec9641b803e8dfb4883c8"
  integrity sha512-S6w8SCGgv4eSkSmdvAhEQ8+SX+RT9JFfr04DPmaraa2vlzz3XAEbjc5KmZQNRB5iotwPurWPM6RV0H3rGoL3CQ==

buffer-from@^1.0.0:
  version "1.1.1"
  resolved "https://registry.yarnpkg.com/buffer-from/-/buffer-from-1.1.1.tgz#32713bc028f75c02fdb710d7c7bcec1f2c6070ef"
  integrity sha512-MQcXEUbCKtEo7bhqEs6560Hyd4XaovZlO/k9V3hjVUF/zwW7KBVdSK4gIt/bzwS9MbR5qob+F5jusZsb0YQK2A==

collections@^5.1.12:
  version "5.1.12"
  resolved "https://registry.yarnpkg.com/collections/-/collections-5.1.12.tgz#270f6c26ddc2930734ae6cc19ad4e8fb412af739"
  integrity sha512-7WV0gdGlQFHjB//+/5JW4CdMnOlf7fWMMeM3EWvuao7RbK0MeFS01bZOgWmIH5DHDejSutf455QUZ56ZjjROXw==
  dependencies:
    weak-map "~1.0.x"

functional-red-black-tree@1.0.1:
  version "1.0.1"
  resolved "https://registry.yarnpkg.com/functional-red-black-tree/-/functional-red-black-tree-1.0.1.tgz#1b0ab3bd553b2a0d6399d29c0e3ea0b252078327"
  integrity sha1-GwqzvVU7Kg1jmdKcDj6gslIHgyc=

immutable-sorted@^0.2.11:
  version "0.2.11"
  resolved "https://registry.yarnpkg.com/immutable-sorted/-/immutable-sorted-0.2.11.tgz#e8961c9257c8c2b76192752125186da91ac055ae"
  integrity sha512-z8BX7DSJ/JoPjOsRSW6Sj/k0FhYb2COZ42ezVHmPBAT7gNTWMAbDXjyL8Hd1wp3ZzlIThAeSjKdigBRJ/740DQ==

immutable@4.0.0-rc.12:
  version "4.0.0-rc.12"
  resolved "https://registry.yarnpkg.com/immutable/-/immutable-4.0.0-rc.12.tgz#ca59a7e4c19ae8d9bf74a97bdf0f6e2f2a5d0217"
  integrity sha512-0M2XxkZLx/mi3t8NVwIm1g8nHoEmM9p9UBl/G9k4+hm0kBgOVdMV/B3CY5dQ8qG8qc80NN4gDV4HQv6FTJ5q7A==

lodash@^4.17.4:
  version "4.17.21"
  resolved "https://registry.yarnpkg.com/lodash/-/lodash-4.17.21.tgz#679591c564c3bffaae8454cf0b3df370c3d6911c"
  integrity sha512-v2kDEe57lecTulaDIuNTPy3Ry4gLGJ6Z1O3vE1krgXZNrsQ+LFTGHVxVjcXPs17LhbZVGedAJv8XZ1tvj5FvSg==

platform@^1.3.3:
  version "1.3.6"
  resolved "https://registry.yarnpkg.com/platform/-/platform-1.3.6.tgz#48b4ce983164b209c2d45a107adb31f473a6e7a7"
  integrity sha512-fnWVljUchTro6RiCFvCXBbNhJc2NijN7oIQxbwsyL0buWJPG85v81ehlHI9fXrJsMNgTofEoWIQeClKpgxFLrg==

redis-sorted-set@^2.0.0:
  version "2.0.0"
  resolved "https://registry.yarnpkg.com/redis-sorted-set/-/redis-sorted-set-2.0.0.tgz#9e1ce6ac63a72196bc3b194378c2ee89160921fa"
  integrity sha1-nhzmrGOnIZa8OxlDeMLuiRYJIfo=

sorted-btree@^1.4.0:
  version "1.5.0"
  resolved "https://registry.yarnpkg.com/sorted-btree/-/sorted-btree-1.5.0.tgz#57b621c10e124c34122c6c156becda0e4731b19f"
  integrity sha512-1KzY80r3VpwGLGN/9oWjReUml3czxKfLz4iMV8Ro9KAHCg9xt0HwTkcb20JR+sHCiR5WUJ6uMAbe/HB3gy1qYA==

source-map-support@^0.5.19:
  version "0.5.19"
  resolved "https://registry.yarnpkg.com/source-map-support/-/source-map-support-0.5.19.tgz#a98b62f86dcaf4f67399648c085291ab9e8fed61"
  integrity sha512-Wonm7zOCIJzBGQdB+thsPar0kYuCIzYvxZwlBa87yi/Mdjv7Tip2cyVbLj5o0cFPN4EVkuTwb3GDDyUx2DGnGw==
  dependencies:
    buffer-from "^1.0.0"
    source-map "^0.6.0"

source-map@^0.6.0:
  version "0.6.1"
  resolved "https://registry.yarnpkg.com/source-map/-/source-map-0.6.1.tgz#74722af32e9614e9c287a8d0bbde48b5e2f1a263"
  integrity sha512-UjgapumWlbMhkBgzT7Ykc5YXUT46F0iKu8SGXq0bcwP5dz/h0Plj6enJqjz1Zbq2l5WaqYnrVbwWOWMyF3F47g==

tslib@^2.1.0:
  version "2.3.0"
  resolved "https://registry.yarnpkg.com/tslib/-/tslib-2.3.0.tgz#803b8cdab3e12ba581a4ca41c8839bbb0dacb09e"
  integrity sha512-N82ooyxVNm6h1riLCoyS9e3fuJ3AMG2zIZs2Gd1ATcSFjSA23Q0fzjjZeh0jbJvWVDZ0cJT8yaNNaaXHzueNjg==

typescript@4.1.3:
  version "4.1.3"
  resolved "https://registry.yarnpkg.com/typescript/-/typescript-4.1.3.tgz#519d582bd94cba0cf8934c7d8e8467e473f53bb7"
  integrity sha512-B3ZIOf1IKeH2ixgHhj6la6xdwR9QrLC5d1VKeCSY4tvkqhF2eqd9O7txNlS0PO3GrBAFIdr3L1ndNwteUbZLYg==

weak-map@~1.0.x:
  version "1.0.5"
  resolved "https://registry.yarnpkg.com/weak-map/-/weak-map-1.0.5.tgz#79691584d98607f5070bd3b70a40e6bb22e401eb"
  integrity sha1-eWkVhNmGB/UHC9O3CkDmuyLkAes=
