# THIS IS AN AUTOGENERATED FILE. DO NOT EDIT THIS FILE DIRECTLY.
# yarn lockfile v1


"@thi.ng/api@^6.13.6":
  version "6.13.6"
  resolved "https://registry.yarnpkg.com/@thi.ng/api/-/api-6.13.6.tgz#fb24ffd0fad409b2cc2c6156850b0d9829e0196d"
  integrity sha512-r1qJR2QaODkhG0poOKAkFIaHYeGF3rYuh/eaGx+4mBjA+jUCRlqQNr/yP1DsjMEVbjlE1jqS5apQvnfSmQlOvg==

"@thi.ng/arrays@^0.9.0":
  version "0.9.0"
  resolved "https://registry.yarnpkg.com/@thi.ng/arrays/-/arrays-0.9.0.tgz#91befa6bedd016f8bea7b61f901a9c3b0b589b5d"
  integrity sha512-BE2zmKpzPl0OGIAAXuJvFh5OiDRk/2QqgfMhzcbPcyA7iLRThU6XXik0TCkef3Cl4Mz374OIBXFQAGcZn8WlPQ==
  dependencies:
    "@thi.ng/api" "^6.13.6"
    "@thi.ng/checks" "^2.7.13"
    "@thi.ng/compare" "^1.3.22"
    "@thi.ng/equiv" "^1.0.35"
    "@thi.ng/errors" "^1.2.26"
    "@thi.ng/random" "^2.1.4"

"@thi.ng/associative@^5.0.13":
  version "5.0.13"
  resolved "https://registry.yarnpkg.com/@thi.ng/associative/-/associative-5.0.13.tgz#9987c504d375aecf20e8b26bb0303023f0d0edc6"
  integrity sha512-Zi9/JKcMLAmIigEWSh0CwQ+PQPfJITzA6czkb6WlubSylQyCxp6/i2QiJTb2M6+QUquCXc9F8MynyASpIoo1oQ==
  dependencies:
    "@thi.ng/api" "^6.13.6"
    "@thi.ng/binary" "^2.0.21"
    "@thi.ng/checks" "^2.7.13"
    "@thi.ng/compare" "^1.3.22"
    "@thi.ng/dcons" "^2.3.5"
    "@thi.ng/equiv" "^1.0.35"
    "@thi.ng/errors" "^1.2.26"
    "@thi.ng/transducers" "^7.5.4"
    tslib "2.0.1"

"@thi.ng/binary@^2.0.21":
  version "2.0.21"
  resolved "https://registry.yarnpkg.com/@thi.ng/binary/-/binary-2.0.21.tgz#75f106a7b44e01a03b1f7455c51627bb7899b710"
  integrity sha512-LtLsWlw9U8b4K2Guv2P7cMaKXZmZnz3Bdbg9mqigXkzXzmMiuC115NuqjzJoI3fvMr2NcwVHBa1cPZ6T+zK/1w==
  dependencies:
    "@thi.ng/api" "^6.13.6"

"@thi.ng/checks@^2.7.13":
  version "2.7.13"
  resolved "https://registry.yarnpkg.com/@thi.ng/checks/-/checks-2.7.13.tgz#c4d5317d5dbe1b2aa4133e99381cdc7f9b021cad"
  integrity sha512-0i6HnR2YLqYXklEV2dNKF8ArK4bnfpAXAw4YxWMEezYQsn9KTO73wl9m4Ai3/l+oGyyo2/FQSTWcYqSjYDxfvg==
  dependencies:
    tslib "2.0.1"

"@thi.ng/compare@^1.3.22":
  version "1.3.22"
  resolved "https://registry.yarnpkg.com/@thi.ng/compare/-/compare-1.3.22.tgz#56540f4ab922090c9607fa6e97130c6274d7fb87"
  integrity sha512-yCCym5BiD+0G+YASw8TSAyNwXaOU2lnBd2HBUHRd6NdcjDBzqwdNtI3ih51+jDgtw2jVSGbD0HelKczt4BsJyA==
  dependencies:
    "@thi.ng/api" "^6.13.6"

"@thi.ng/compose@^1.4.23":
  version "1.4.23"
  resolved "https://registry.yarnpkg.com/@thi.ng/compose/-/compose-1.4.23.tgz#cf1712344813e6a6d694f4e99b7f6c546ade50da"
  integrity sha512-ueuvICBbYG0Ux9+J0EI6pDJTX9+NosRDQmFcyHQMc6OcOPnc3kYBQSGg8DAtUaC1tyr+G4aHLTWuNNcwNp+QCw==
  dependencies:
    "@thi.ng/api" "^6.13.6"
    "@thi.ng/errors" "^1.2.26"

"@thi.ng/dcons@^2.3.5":
  version "2.3.5"
  resolved "https://registry.yarnpkg.com/@thi.ng/dcons/-/dcons-2.3.5.tgz#ffbe0e6d3916987f8ec593a0d6642a17336348cb"
  integrity sha512-VKXyDQSmT5fbUHt172x5WUh0ygs/qSICBhP3+WE6Md+/2cFWJoB20e2qa0tJ8WNQIvfDTksbEIWneyRKSnHI4g==
  dependencies:
    "@thi.ng/api" "^6.13.6"
    "@thi.ng/checks" "^2.7.13"
    "@thi.ng/compare" "^1.3.22"
    "@thi.ng/equiv" "^1.0.35"
    "@thi.ng/errors" "^1.2.26"
    "@thi.ng/random" "^2.1.4"
    "@thi.ng/transducers" "^7.5.4"

"@thi.ng/equiv@^1.0.35":
  version "1.0.35"
  resolved "https://registry.yarnpkg.com/@thi.ng/equiv/-/equiv-1.0.35.tgz#b76630458927947d62a7f3229db7e7d78555b2a0"
  integrity sha512-pQuu3iVAF382h/O6VihM4riGmw2Gzq6yv+m2drYqICsh6Mt5MyxwYjR1txQrZyi7WOFlQdeiRiupsZxBdPdOOw==

"@thi.ng/errors@^1.2.26":
  version "1.2.26"
  resolved "https://registry.yarnpkg.com/@thi.ng/errors/-/errors-1.2.26.tgz#04e1bed79ea5b841aee0bb15bb53361fe8c87719"
  integrity sha512-x7x4OhcthZ9obcisx0DNA1uzGh6mrG6Mjs+ATRafcfrmqxb/XyYuTLxswwfU60ZJmqz2ynyFESLTmBs9pOJn7A==

"@thi.ng/hex@^0.1.3":
  version "0.1.3"
  resolved "https://registry.yarnpkg.com/@thi.ng/hex/-/hex-0.1.3.tgz#dd9c1211e56b1c10682d29292e1433e053c55947"
  integrity sha512-TPexHY7kHeDwZDooW8pv/uVBbqE841hstLrtZdtJk7FRbG5zpceTLbbxAtbX3pEbfEaTSn/lArt2aMjAmatsBw==

"@thi.ng/math@^3.0.1":
  version "3.0.1"
  resolved "https://registry.yarnpkg.com/@thi.ng/math/-/math-3.0.1.tgz#1490b318160c48cb588c41792b0a9a57eeb56cdc"
  integrity sha512-xW4zVUX5sTV8Ky3br8s4BD7dDXwrYctyRcIU0/amDsVOFxg+WDcEX9bt+JRQp27VXKgk92jb7bsTHsCepUElbw==
  dependencies:
    "@thi.ng/api" "^6.13.6"

"@thi.ng/random@^2.1.4":
  version "2.1.4"
  resolved "https://registry.yarnpkg.com/@thi.ng/random/-/random-2.1.4.tgz#8c7690b12734f0e6e0f10b98de0359ec9bbc206b"
  integrity sha512-awS0K6M7XaF4SM3hC29yNeLxCr8SbshNMYCEfMDUqARhtX0SzAFBNbQmN69k0Vw72JHEarq962mG+Dvzc++UXQ==
  dependencies:
    "@thi.ng/api" "^6.13.6"
    "@thi.ng/checks" "^2.7.13"
    "@thi.ng/hex" "^0.1.3"

"@thi.ng/transducers@^7.5.4":
  version "7.5.4"
  resolved "https://registry.yarnpkg.com/@thi.ng/transducers/-/transducers-7.5.4.tgz#cded0b5f96e5980937e786c8163183105f0b79c9"
  integrity sha512-yV4VNl+yp+0FpzW2WQ8H1AIUX0TQhM5atSjE0VQZj3PmdPoS6UrRIX7wNEd6o++xBDlhGiM0/xQdo2tOcp/m5A==
  dependencies:
    "@thi.ng/api" "^6.13.6"
    "@thi.ng/arrays" "^0.9.0"
    "@thi.ng/checks" "^2.7.13"
    "@thi.ng/compare" "^1.3.22"
    "@thi.ng/compose" "^1.4.23"
    "@thi.ng/errors" "^1.2.26"
    "@thi.ng/math" "^3.0.1"
    "@thi.ng/random" "^2.1.4"

"@types/argparse@2.0.5":
  version "2.0.5"
  resolved "https://registry.yarnpkg.com/@types/argparse/-/argparse-2.0.5.tgz#5192f160931442a32c1c23e9480fff3f8d7cd0e4"
  integrity sha512-m0CQ4TzFW+JdAN875vqqNO7H92jnN9hrH0bxEjJStePjfSfBDNgIlH+ieZQvBH9CuSPguFpjEzXcJHqV+fJqOQ==

"@types/benchmark@2.1.0":
  version "2.1.0"
  resolved "https://registry.yarnpkg.com/@types/benchmark/-/benchmark-2.1.0.tgz#157e2ef22311d3140fb33e82a938a1beb26e78e0"
  integrity sha512-wxT2/LZn4z0NvSfZirxmBx686CU7EXp299KHkIk79acXpQtgeYHrslFzDacPGXifC0Pe3CEaLup07bgY1PnuQw==

"@types/collections@^5.1.0":
  version "5.1.0"
  resolved "https://registry.yarnpkg.com/@types/collections/-/collections-5.1.0.tgz#84892f58c1b98b07063f0d450ae2b83fbd571258"
  integrity sha512-4uPJ+dIGUCd4LcGm2MZINkZPG7VfvBNqeRVoNfmhktdX+KteGcf3pqJEEFltRCwnHZW1HMbeBHQUhm8aoX1lbw==

"@types/node@14.14.20":
  version "14.14.20"
  resolved "https://registry.yarnpkg.com/@types/node/-/node-14.14.20.tgz#f7974863edd21d1f8a494a73e8e2b3658615c340"
  integrity sha512-Y93R97Ouif9JEOWPIUyU+eyIdyRqQR0I8Ez1dzku4hDx34NWh4HbtIc3WNzwB1Y9ULvNGeu5B8h8bVL5cAk4/A==

argparse@2.0.1:
  version "2.0.1"
  resolved "https://registry.yarnpkg.com/argparse/-/argparse-2.0.1.tgz#246f50f3ca78a3240f6c997e8a9bd1eac49e4b38"
  integrity sha512-8+9WqebbFzpX9OR+Wa6O29asIogeRMzcGtAINdpMHHyAg10f05aSFVBbcEqGf/PXw1EjAZ+q2/bEBg3DvurK3Q==

avl@^1.4.4:
  version "1.4.4"
  resolved "https://registry.yarnpkg.com/avl/-/avl-1.4.4.tgz#01026fc8b28f26b25b917fb0f033a37eff3abaf0"
  integrity sha512-vMjF4jhT2N0naO1fsBTA/lZ2AB70ECBv41na7oBe8B5PCgMVvNrWG+VRKMlbG5Mk5UGbMxzUD9fXK/IBsmmO5A==

benchmark@2.1.4:
  version "2.1.4"
  resolved "https://registry.yarnpkg.com/benchmark/-/benchmark-2.1.4.tgz#09f3de31c916425d498cc2ee565a0ebf3c2a5629"
  integrity sha1-CfPeMckWQl1JjMLuVloOvzwqVik=
  dependencies:
    lodash "^4.17.4"
    platform "^1.3.3"

bplustree@^2.0.1:
  version "2.0.1"
  resolved "https://registry.yarnpkg.com/bplustree/-/bplustree-2.0.1.tgz#bd148c780ea7a31105eec9641b803e8dfb4883c8"
  integrity sha512-S6w8SCGgv4eSkSmdvAhEQ8+SX+RT9JFfr04DPmaraa2vlzz3XAEbjc5KmZQNRB5iotwPurWPM6RV0H3rGoL3CQ==

buffer-from@^1.0.0:
  version "1.1.1"
  resolved "https://registry.yarnpkg.com/buffer-from/-/buffer-from-1.1.1.tgz#32713bc028f75c02fdb710d7c7bcec1f2c6070ef"
  integrity sha512-MQcXEUbCKtEo7bhqEs6560Hyd4XaovZlO/k9V3hjVUF/zwW7KBVdSK4gIt/bzwS9MbR5qob+F5jusZsb0YQK2A==

collections@^5.1.12:
  version "5.1.12"
  resolved "https://registry.yarnpkg.com/collections/-/collections-5.1.12.tgz#270f6c26ddc2930734ae6cc19ad4e8fb412af739"
  integrity sha512-7WV0gdGlQFHjB//+/5JW4CdMnOlf7fWMMeM3EWvuao7RbK0MeFS01bZOgWmIH5DHDejSutf455QUZ56ZjjROXw==
  dependencies:
    weak-map "~1.0.x"

functional-red-black-tree@1.0.1:
  version "1.0.1"
  resolved "https://registry.yarnpkg.com/functional-red-black-tree/-/functional-red-black-tree-1.0.1.tgz#1b0ab3bd553b2a0d6399d29c0e3ea0b252078327"
  integrity sha1-GwqzvVU7Kg1jmdKcDj6gslIHgyc=

immutable-sorted@^0.2.11:
  version "0.2.11"
  resolved "https://registry.yarnpkg.com/immutable-sorted/-/immutable-sorted-0.2.11.tgz#e8961c9257c8c2b76192752125186da91ac055ae"
  integrity sha512-z8BX7DSJ/JoPjOsRSW6Sj/k0FhYb2COZ42ezVHmPBAT7gNTWMAbDXjyL8Hd1wp3ZzlIThAeSjKdigBRJ/740DQ==

immutable@4.0.0-rc.12:
  version "4.0.0-rc.12"
  resolved "https://registry.yarnpkg.com/immutable/-/immutable-4.0.0-rc.12.tgz#ca59a7e4c19ae8d9bf74a97bdf0f6e2f2a5d0217"
  integrity sha512-0M2XxkZLx/mi3t8NVwIm1g8nHoEmM9p9UBl/G9k4+hm0kBgOVdMV/B3CY5dQ8qG8qc80NN4gDV4HQv6FTJ5q7A==

lodash@^4.17.4:
  version "4.17.21"
  resolved "https://registry.yarnpkg.com/lodash/-/lodash-4.17.21.tgz#679591c564c3bffaae8454cf0b3df370c3d6911c"
  integrity sha512-v2kDEe57lecTulaDIuNTPy3Ry4gLGJ6Z1O3vE1krgXZNrsQ+LFTGHVxVjcXPs17LhbZVGedAJv8XZ1tvj5FvSg==

platform@^1.3.3:
  version "1.3.6"
  resolved "https://registry.yarnpkg.com/platform/-/platform-1.3.6.tgz#48b4ce983164b209c2d45a107adb31f473a6e7a7"
  integrity sha512-fnWVljUchTro6RiCFvCXBbNhJc2NijN7oIQxbwsyL0buWJPG85v81ehlHI9fXrJsMNgTofEoWIQeClKpgxFLrg==

redis-sorted-set@^2.0.0:
  version "2.0.0"
  resolved "https://registry.yarnpkg.com/redis-sorted-set/-/redis-sorted-set-2.0.0.tgz#9e1ce6ac63a72196bc3b194378c2ee89160921fa"
  integrity sha1-nhzmrGOnIZa8OxlDeMLuiRYJIfo=

sorted-btree@^1.4.0:
  version "1.4.0"
  resolved "https://registry.yarnpkg.com/sorted-btree/-/sorted-btree-1.4.0.tgz#cfc2785c25d038d75bec08e4f5a6c21eef09f8dc"
  integrity sha512-SqT/kawJE45AWiBuIpzfXNwFSYgWTFpduekFKnpE3JVb1JkldV3TziQF9gAAMcmXasZ/SYB3ZEs6u+IY5o9hiQ==

source-map-support@^0.5.19:
  version "0.5.19"
  resolved "https://registry.yarnpkg.com/source-map-support/-/source-map-support-0.5.19.tgz#a98b62f86dcaf4f67399648c085291ab9e8fed61"
  integrity sha512-Wonm7zOCIJzBGQdB+thsPar0kYuCIzYvxZwlBa87yi/Mdjv7Tip2cyVbLj5o0cFPN4EVkuTwb3GDDyUx2DGnGw==
  dependencies:
    buffer-from "^1.0.0"
    source-map "^0.6.0"

source-map@^0.6.0:
  version "0.6.1"
  resolved "https://registry.yarnpkg.com/source-map/-/source-map-0.6.1.tgz#74722af32e9614e9c287a8d0bbde48b5e2f1a263"
  integrity sha512-UjgapumWlbMhkBgzT7Ykc5YXUT46F0iKu8SGXq0bcwP5dz/h0Plj6enJqjz1Zbq2l5WaqYnrVbwWOWMyF3F47g==

tslib@2.0.1:
  version "2.0.1"
  resolved "https://registry.yarnpkg.com/tslib/-/tslib-2.0.1.tgz#410eb0d113e5b6356490eec749603725b021b43e"
  integrity sha512-SgIkNheinmEBgx1IUNirK0TUD4X9yjjBRTqqjggWCU3pUEqIk3/Uwl3yRixYKT6WjQuGiwDv4NomL3wqRCj+CQ==

typescript@4.1.3:
  version "4.1.3"
  resolved "https://registry.yarnpkg.com/typescript/-/typescript-4.1.3.tgz#519d582bd94cba0cf8934c7d8e8467e473f53bb7"
  integrity sha512-B3ZIOf1IKeH2ixgHhj6la6xdwR9QrLC5d1VKeCSY4tvkqhF2eqd9O7txNlS0PO3GrBAFIdr3L1ndNwteUbZLYg==

weak-map@~1.0.x:
  version "1.0.5"
  resolved "https://registry.yarnpkg.com/weak-map/-/weak-map-1.0.5.tgz#79691584d98607f5070bd3b70a40e6bb22e401eb"
  integrity sha1-eWkVhNmGB/UHC9O3CkDmuyLkAes=
